// !$*UTF8*$!
{
	archiveVersion = 1;
	classes = {
	};
	objectVersion = 56;
	objects = {

/* Begin PBXBuildFile section */
		EA0B63F129FBF364001DD8DB /* AstellaApp.swift in Sources */ = {isa = PBXBuildFile; fileRef = EA0B63F029FBF364001DD8DB /* AstellaApp.swift */; };
		EA0B63F329FBF364001DD8DB /* ContentView.swift in Sources */ = {isa = PBXBuildFile; fileRef = EA0B63F229FBF364001DD8DB /* ContentView.swift */; };
		EA0B63F529FBF366001DD8DB /* Assets.xcassets in Resources */ = {isa = PBXBuildFile; fileRef = EA0B63F429FBF366001DD8DB /* Assets.xcassets */; };
		EA0B63F829FBF366001DD8DB /* Preview Assets.xcassets in Resources */ = {isa = PBXBuildFile; fileRef = EA0B63F729FBF366001DD8DB /* Preview Assets.xcassets */; };
		EA0B640229FBF367001DD8DB /* AstellaTests.swift in Sources */ = {isa = PBXBuildFile; fileRef = EA0B640129FBF367001DD8DB /* AstellaTests.swift */; };
		EA0B640C29FBF367001DD8DB /* AstellaUITests.swift in Sources */ = {isa = PBXBuildFile; fileRef = EA0B640B29FBF367001DD8DB /* AstellaUITests.swift */; };
		EA0B640E29FBF367001DD8DB /* AstellaUITestsLaunchTests.swift in Sources */ = {isa = PBXBuildFile; fileRef = EA0B640D29FBF367001DD8DB /* AstellaUITestsLaunchTests.swift */; };
		EA0B642529FC41CF001DD8DB /* UserLocationManager.swift in Sources */ = {isa = PBXBuildFile; fileRef = EA0B642429FC41CF001DD8DB /* UserLocationManager.swift */; };
		EA0B642729FC82D4001DD8DB /* CharStoryboard.storyboard in Resources */ = {isa = PBXBuildFile; fileRef = EA0B642629FC82D4001DD8DB /* CharStoryboard.storyboard */; };
		EA0B642D29FD38C4001DD8DB /* User.swift in Sources */ = {isa = PBXBuildFile; fileRef = EA0B642C29FD38C4001DD8DB /* User.swift */; };
		EA0B642F29FD38E6001DD8DB /* Message.swift in Sources */ = {isa = PBXBuildFile; fileRef = EA0B642E29FD38E6001DD8DB /* Message.swift */; };
		EA0B643329FD3B45001DD8DB /* UserProfileView.swift in Sources */ = {isa = PBXBuildFile; fileRef = EA0B643229FD3B45001DD8DB /* UserProfileView.swift */; };
		EA0B643529FD41B6001DD8DB /* ImageGroup.swift in Sources */ = {isa = PBXBuildFile; fileRef = EA0B643429FD41B6001DD8DB /* ImageGroup.swift */; };
		EA0B643729FD4243001DD8DB /* SocialMediaGroup.swift in Sources */ = {isa = PBXBuildFile; fileRef = EA0B643629FD4243001DD8DB /* SocialMediaGroup.swift */; };
		EA0B644329FD4F80001DD8DB /* LocationBody.swift in Sources */ = {isa = PBXBuildFile; fileRef = EA0B644229FD4F80001DD8DB /* LocationBody.swift */; };
		EA0B645429FD687A001DD8DB /* MapMainView.swift in Sources */ = {isa = PBXBuildFile; fileRef = EA0B645329FD687A001DD8DB /* MapMainView.swift */; };
		EA0B645629FD6E53001DD8DB /* Event.swift in Sources */ = {isa = PBXBuildFile; fileRef = EA0B645529FD6E53001DD8DB /* Event.swift */; };
		EA0B645829FD7154001DD8DB /* LocationInfo.swift in Sources */ = {isa = PBXBuildFile; fileRef = EA0B645729FD7154001DD8DB /* LocationInfo.swift */; };
		EA9A40202A06D97A006E40DA /* EventPasswordInputViewModel.swift in Sources */ = {isa = PBXBuildFile; fileRef = EA9A401F2A06D97A006E40DA /* EventPasswordInputViewModel.swift */; };
		EA9A40222A06DA16006E40DA /* EventPasswordInputView.swift in Sources */ = {isa = PBXBuildFile; fileRef = EA9A40212A06DA16006E40DA /* EventPasswordInputView.swift */; };
		EA9A40242A06DC25006E40DA /* BooleanResponse.swift in Sources */ = {isa = PBXBuildFile; fileRef = EA9A40232A06DC25006E40DA /* BooleanResponse.swift */; };
		EA9AA6A72A0C69CC007BCB26 /* MessageDetailViewController.swift in Sources */ = {isa = PBXBuildFile; fileRef = EA9AA6A62A0C69CC007BCB26 /* MessageDetailViewController.swift */; };
		EA9AA6AA2A0C6A68007BCB26 /* MessageDetailViewModel.swift in Sources */ = {isa = PBXBuildFile; fileRef = EA9AA6A92A0C6A68007BCB26 /* MessageDetailViewModel.swift */; };
		EA9AA6AD2A0C6C17007BCB26 /* MessageDetailView.swift in Sources */ = {isa = PBXBuildFile; fileRef = EA9AA6AC2A0C6C17007BCB26 /* MessageDetailView.swift */; };
		EA9AA6AF2A0D1896007BCB26 /* MessageDetailViewCell.swift in Sources */ = {isa = PBXBuildFile; fileRef = EA9AA6AE2A0D1896007BCB26 /* MessageDetailViewCell.swift */; };
		EA9AA6B12A0D1CF0007BCB26 /* MessageParentViewModel.swift in Sources */ = {isa = PBXBuildFile; fileRef = EA9AA6B02A0D1CF0007BCB26 /* MessageParentViewModel.swift */; };
		EA9AA6B32A0D537F007BCB26 /* MessageDetailThreadViewCell.swift in Sources */ = {isa = PBXBuildFile; fileRef = EA9AA6B22A0D537F007BCB26 /* MessageDetailThreadViewCell.swift */; };
		EA9C4B3329FE8B9C00D46F15 /* RequestPostService.swift in Sources */ = {isa = PBXBuildFile; fileRef = EA9C4B3229FE8B9C00D46F15 /* RequestPostService.swift */; };
		EA9C4B3629FEC0A000D46F15 /* MessageListResponse.swift in Sources */ = {isa = PBXBuildFile; fileRef = EA9C4B3529FEC0A000D46F15 /* MessageListResponse.swift */; };
		EA9C4B3829FEC6B600D46F15 /* EventsListResponse.swift in Sources */ = {isa = PBXBuildFile; fileRef = EA9C4B3729FEC6B600D46F15 /* EventsListResponse.swift */; };
		EA9C4B3B29FEC8C200D46F15 /* MessageListViewModel.swift in Sources */ = {isa = PBXBuildFile; fileRef = EA9C4B3A29FEC8C200D46F15 /* MessageListViewModel.swift */; };
		EA9C4B3F29FEC92700D46F15 /* MessageListView.swift in Sources */ = {isa = PBXBuildFile; fileRef = EA9C4B3E29FEC92700D46F15 /* MessageListView.swift */; };
		EA9C4B4329FEC9B500D46F15 /* MessagesViewController.swift in Sources */ = {isa = PBXBuildFile; fileRef = EA9C4B4229FEC9B500D46F15 /* MessagesViewController.swift */; };
		EA9C4B4929FF0A5100D46F15 /* EventstructMainViewController.swift in Sources */ = {isa = PBXBuildFile; fileRef = EA9C4B4829FF0A5100D46F15 /* EventstructMainViewController.swift */; };
		EA9C4B4B29FF0FF800D46F15 /* Extensions.swift in Sources */ = {isa = PBXBuildFile; fileRef = EA9C4B4A29FF0FF800D46F15 /* Extensions.swift */; };
		EAA1D0642A0B015100A3F192 /* MessagePinnedViewModel.swift in Sources */ = {isa = PBXBuildFile; fileRef = EAA1D0632A0B015100A3F192 /* MessagePinnedViewModel.swift */; };
		EAA1D0662A0B0C0C00A3F192 /* MessageCollectionPinnedViewCell.swift in Sources */ = {isa = PBXBuildFile; fileRef = EAA1D0652A0B0C0C00A3F192 /* MessageCollectionPinnedViewCell.swift */; };
		EAA1D0682A0B0C2400A3F192 /* MessageCollectionParentViewCell.swift in Sources */ = {isa = PBXBuildFile; fileRef = EAA1D0672A0B0C2400A3F192 /* MessageCollectionParentViewCell.swift */; };
		EAA3B4422A0445E300D63F20 /* ProfilePhotoCollectionViewCell.swift in Sources */ = {isa = PBXBuildFile; fileRef = EAA3B4412A0445E300D63F20 /* ProfilePhotoCollectionViewCell.swift */; };
		EAA3B44A2A04722200D63F20 /* ProfilePhotoCellViewModel.swift in Sources */ = {isa = PBXBuildFile; fileRef = EAA3B4492A04722200D63F20 /* ProfilePhotoCellViewModel.swift */; };
		EAA812B22A05D4C900B7FB07 /* EventPasswordModal.swift in Sources */ = {isa = PBXBuildFile; fileRef = EAA812B12A05D4C900B7FB07 /* EventPasswordModal.swift */; };
		EAA812B42A06955A00B7FB07 /* EventMemberCollectionCellView.swift in Sources */ = {isa = PBXBuildFile; fileRef = EAA812B32A06955A00B7FB07 /* EventMemberCollectionCellView.swift */; };
		EAA83BC02A02C51C00C48813 /* UsersCollectionViewCell.swift in Sources */ = {isa = PBXBuildFile; fileRef = EAA83BBF2A02C51C00C48813 /* UsersCollectionViewCell.swift */; };
		EAA83BC32A02C73800C48813 /* UserCollectionViewCellViewModel.swift in Sources */ = {isa = PBXBuildFile; fileRef = EAA83BC22A02C73800C48813 /* UserCollectionViewCellViewModel.swift */; };
		EAA8601A2A178B750070A0EF /* ProfileSettingViewCellCollectionViewCell.swift in Sources */ = {isa = PBXBuildFile; fileRef = EAA860192A178B750070A0EF /* ProfileSettingViewCellCollectionViewCell.swift */; };
		EAA873A129FF2D3100A5D24A /* MessageCollectionViewCell.swift in Sources */ = {isa = PBXBuildFile; fileRef = EAA873A029FF2D3100A5D24A /* MessageCollectionViewCell.swift */; };
		EAA873A329FF2DB800A5D24A /* MessageCellViewViewModel.swift in Sources */ = {isa = PBXBuildFile; fileRef = EAA873A229FF2DB800A5D24A /* MessageCellViewViewModel.swift */; };
		EAAC9EAC2A1264FD00C393B9 /* EventCreateViewController.swift in Sources */ = {isa = PBXBuildFile; fileRef = EAAC9EAB2A1264FD00C393B9 /* EventCreateViewController.swift */; };
		EAAC9EAF2A126EDF00C393B9 /* EventCreateViewModel.swift in Sources */ = {isa = PBXBuildFile; fileRef = EAAC9EAE2A126EDF00C393B9 /* EventCreateViewModel.swift */; };
		EAAC9EB22A126F1A00C393B9 /* EventCreateView.swift in Sources */ = {isa = PBXBuildFile; fileRef = EAAC9EB12A126F1A00C393B9 /* EventCreateView.swift */; };
		EAAC9EB42A12B3E900C393B9 /* EventCreateMapViewCellCiewModel.swift in Sources */ = {isa = PBXBuildFile; fileRef = EAAC9EB32A12B3E900C393B9 /* EventCreateMapViewCellCiewModel.swift */; };
		EAAC9EB62A12B72D00C393B9 /* EventCreateMapViewCell.swift in Sources */ = {isa = PBXBuildFile; fileRef = EAAC9EB52A12B72D00C393B9 /* EventCreateMapViewCell.swift */; };
		EAB08D362A013C950058240C /* TabBarViewController.swift in Sources */ = {isa = PBXBuildFile; fileRef = EAB08D352A013C950058240C /* TabBarViewController.swift */; };
		EAB08D392A013D040058240C /* ProfileViewController.swift in Sources */ = {isa = PBXBuildFile; fileRef = EAB08D382A013D040058240C /* ProfileViewController.swift */; };
		EAB08D3D2A013D960058240C /* LocationTrackingViewController.swift in Sources */ = {isa = PBXBuildFile; fileRef = EAB08D3C2A013D960058240C /* LocationTrackingViewController.swift */; };
		EAB192FF2A03DC1400A7F0C3 /* RequestGetService.swift in Sources */ = {isa = PBXBuildFile; fileRef = EAB192FE2A03DC1400A7F0C3 /* RequestGetService.swift */; };
		EAB193012A041DB500A7F0C3 /* ApiCacheManager.swift in Sources */ = {isa = PBXBuildFile; fileRef = EAB193002A041DB500A7F0C3 /* ApiCacheManager.swift */; };
		EAB193042A04283F00A7F0C3 /* ProfileViewModel.swift in Sources */ = {isa = PBXBuildFile; fileRef = EAB193032A04283F00A7F0C3 /* ProfileViewModel.swift */; };
		EAB4BE772A06D3040029F9ED /* EventPasswordInputModalViewController.swift in Sources */ = {isa = PBXBuildFile; fileRef = EAB4BE762A06D3040029F9ED /* EventPasswordInputModalViewController.swift */; };
		EAB67EFA2A01887C0043B58C /* InfoResponse.swift in Sources */ = {isa = PBXBuildFile; fileRef = EAB67EF92A01887C0043B58C /* InfoResponse.swift */; };
		EAB7357E2A16C88C00D4A221 /* ProfileSettingViewController.swift in Sources */ = {isa = PBXBuildFile; fileRef = EAB7357D2A16C88C00D4A221 /* ProfileSettingViewController.swift */; };
		EAB735812A16C91F00D4A221 /* ProfileSettingViewModel.swift in Sources */ = {isa = PBXBuildFile; fileRef = EAB735802A16C91F00D4A221 /* ProfileSettingViewModel.swift */; };
		EAB735842A16CA3600D4A221 /* ProfileSettingView.swift in Sources */ = {isa = PBXBuildFile; fileRef = EAB735832A16CA3600D4A221 /* ProfileSettingView.swift */; };
		EAB766A62A164FE300001D5F /* ProfileDetailSocialCellViewModel.swift in Sources */ = {isa = PBXBuildFile; fileRef = EAB766A52A164FE300001D5F /* ProfileDetailSocialCellViewModel.swift */; };
		EAB766A82A16508600001D5F /* ProfileDetailSocialCellView.swift in Sources */ = {isa = PBXBuildFile; fileRef = EAB766A72A16508600001D5F /* ProfileDetailSocialCellView.swift */; };
		EAB766AA2A16782E00001D5F /* SocialMediaTypes.swift in Sources */ = {isa = PBXBuildFile; fileRef = EAB766A92A16782E00001D5F /* SocialMediaTypes.swift */; };
		EAB7AEF629FDC5A3007C3BF5 /* AstellaService.swift in Sources */ = {isa = PBXBuildFile; fileRef = EAB7AEF529FDC5A3007C3BF5 /* AstellaService.swift */; };
		EAB7AEFA29FDC68F007C3BF5 /* AstellaApiEndpoints.swift in Sources */ = {isa = PBXBuildFile; fileRef = EAB7AEF929FDC68F007C3BF5 /* AstellaApiEndpoints.swift */; };
		EAB943522A02823B001602A2 /* ImageManager.swift in Sources */ = {isa = PBXBuildFile; fileRef = EAB943512A02823B001602A2 /* ImageManager.swift */; };
		EABA16562A05158800B39140 /* ProfileDetailsCellViewModel.swift in Sources */ = {isa = PBXBuildFile; fileRef = EABA16552A05158800B39140 /* ProfileDetailsCellViewModel.swift */; };
		EABA16582A051BE100B39140 /* ProfileView.swift in Sources */ = {isa = PBXBuildFile; fileRef = EABA16572A051BE100B39140 /* ProfileView.swift */; };
		EABA165A2A05205700B39140 /* ProfileDetailCollectionCell.swift in Sources */ = {isa = PBXBuildFile; fileRef = EABA16592A05205700B39140 /* ProfileDetailCollectionCell.swift */; };
		EABA73172A08739200422D6B /* EventCellParentView.swift in Sources */ = {isa = PBXBuildFile; fileRef = EABA73162A08739200422D6B /* EventCellParentView.swift */; };
		EABE9D632A158014000B3FAE /* UserManager.swift in Sources */ = {isa = PBXBuildFile; fileRef = EABE9D622A158014000B3FAE /* UserManager.swift */; };
		EABE9D652A15A2F1000B3FAE /* ProfileSocialLinksCellView.swift in Sources */ = {isa = PBXBuildFile; fileRef = EABE9D642A15A2F1000B3FAE /* ProfileSocialLinksCellView.swift */; };
		EAC1FE2B2A01AC3800FC307A /* UserListResponse.swift in Sources */ = {isa = PBXBuildFile; fileRef = EAC1FE2A2A01AC3800FC307A /* UserListResponse.swift */; };
		EAC1FE2D2A01AFF400FC307A /* FooterReusableLoaderView.swift in Sources */ = {isa = PBXBuildFile; fileRef = EAC1FE2C2A01AFF400FC307A /* FooterReusableLoaderView.swift */; };
		EAC461212A1707CC0068C1E7 /* ProfileSettingCellViewModel.swift in Sources */ = {isa = PBXBuildFile; fileRef = EAC461202A1707CC0068C1E7 /* ProfileSettingCellViewModel.swift */; };
		EAC461232A170A190068C1E7 /* SettingEnums.swift in Sources */ = {isa = PBXBuildFile; fileRef = EAC461222A170A190068C1E7 /* SettingEnums.swift */; };
		EAC7E3742A004300007E8656 /* EventListViewModel.swift in Sources */ = {isa = PBXBuildFile; fileRef = EAC7E3732A004300007E8656 /* EventListViewModel.swift */; };
		EAC7E3772A004378007E8656 /* EventListViewController.swift in Sources */ = {isa = PBXBuildFile; fileRef = EAC7E3762A004378007E8656 /* EventListViewController.swift */; };
		EAC7E37A2A004408007E8656 /* EventListView.swift in Sources */ = {isa = PBXBuildFile; fileRef = EAC7E3792A004408007E8656 /* EventListView.swift */; };
		EAC7E37C2A004439007E8656 /* EventCellView.swift in Sources */ = {isa = PBXBuildFile; fileRef = EAC7E37B2A004439007E8656 /* EventCellView.swift */; };
		EAC7E37E2A004773007E8656 /* CityBody.swift in Sources */ = {isa = PBXBuildFile; fileRef = EAC7E37D2A004773007E8656 /* CityBody.swift */; };
		EAC7E3802A00486D007E8656 /* CityListResponse.swift in Sources */ = {isa = PBXBuildFile; fileRef = EAC7E37F2A00486D007E8656 /* CityListResponse.swift */; };
		EAC7E3822A004B50007E8656 /* EventCellViewViewModel.swift in Sources */ = {isa = PBXBuildFile; fileRef = EAC7E3812A004B50007E8656 /* EventCellViewViewModel.swift */; };
		EACC3D032A0D7BBF00F557FE /* ProfileBriefListViewController.swift in Sources */ = {isa = PBXBuildFile; fileRef = EACC3D022A0D7BBF00F557FE /* ProfileBriefListViewController.swift */; };
		EACC3D062A0D7C6500F557FE /* ProfileBriefListViewModel.swift in Sources */ = {isa = PBXBuildFile; fileRef = EACC3D052A0D7C6500F557FE /* ProfileBriefListViewModel.swift */; };
		EACC3D092A0D7D2600F557FE /* ProfileBriefListView.swift in Sources */ = {isa = PBXBuildFile; fileRef = EACC3D082A0D7D2600F557FE /* ProfileBriefListView.swift */; };
/* End PBXBuildFile section */

/* Begin PBXContainerItemProxy section */
		EA0B63FE29FBF367001DD8DB /* PBXContainerItemProxy */ = {
			isa = PBXContainerItemProxy;
			containerPortal = EA0B63E529FBF364001DD8DB /* Project object */;
			proxyType = 1;
			remoteGlobalIDString = EA0B63EC29FBF364001DD8DB;
			remoteInfo = Astella;
		};
		EA0B640829FBF367001DD8DB /* PBXContainerItemProxy */ = {
			isa = PBXContainerItemProxy;
			containerPortal = EA0B63E529FBF364001DD8DB /* Project object */;
			proxyType = 1;
			remoteGlobalIDString = EA0B63EC29FBF364001DD8DB;
			remoteInfo = Astella;
		};
/* End PBXContainerItemProxy section */

/* Begin PBXFileReference section */
		EA0B63ED29FBF364001DD8DB /* Astella.app */ = {isa = PBXFileReference; explicitFileType = wrapper.application; includeInIndex = 0; path = Astella.app; sourceTree = BUILT_PRODUCTS_DIR; };
		EA0B63F029FBF364001DD8DB /* AstellaApp.swift */ = {isa = PBXFileReference; lastKnownFileType = sourcecode.swift; path = AstellaApp.swift; sourceTree = "<group>"; };
		EA0B63F229FBF364001DD8DB /* ContentView.swift */ = {isa = PBXFileReference; lastKnownFileType = sourcecode.swift; path = ContentView.swift; sourceTree = "<group>"; };
		EA0B63F429FBF366001DD8DB /* Assets.xcassets */ = {isa = PBXFileReference; lastKnownFileType = folder.assetcatalog; path = Assets.xcassets; sourceTree = "<group>"; };
		EA0B63F729FBF366001DD8DB /* Preview Assets.xcassets */ = {isa = PBXFileReference; lastKnownFileType = folder.assetcatalog; path = "Preview Assets.xcassets"; sourceTree = "<group>"; };
		EA0B63FD29FBF367001DD8DB /* AstellaTests.xctest */ = {isa = PBXFileReference; explicitFileType = wrapper.cfbundle; includeInIndex = 0; path = AstellaTests.xctest; sourceTree = BUILT_PRODUCTS_DIR; };
		EA0B640129FBF367001DD8DB /* AstellaTests.swift */ = {isa = PBXFileReference; lastKnownFileType = sourcecode.swift; path = AstellaTests.swift; sourceTree = "<group>"; };
		EA0B640729FBF367001DD8DB /* AstellaUITests.xctest */ = {isa = PBXFileReference; explicitFileType = wrapper.cfbundle; includeInIndex = 0; path = AstellaUITests.xctest; sourceTree = BUILT_PRODUCTS_DIR; };
		EA0B640B29FBF367001DD8DB /* AstellaUITests.swift */ = {isa = PBXFileReference; lastKnownFileType = sourcecode.swift; path = AstellaUITests.swift; sourceTree = "<group>"; };
		EA0B640D29FBF367001DD8DB /* AstellaUITestsLaunchTests.swift */ = {isa = PBXFileReference; lastKnownFileType = sourcecode.swift; path = AstellaUITestsLaunchTests.swift; sourceTree = "<group>"; };
		EA0B642029FC3B3F001DD8DB /* Info.plist */ = {isa = PBXFileReference; lastKnownFileType = text.plist.xml; path = Info.plist; sourceTree = "<group>"; };
		EA0B642429FC41CF001DD8DB /* UserLocationManager.swift */ = {isa = PBXFileReference; lastKnownFileType = sourcecode.swift; path = UserLocationManager.swift; sourceTree = "<group>"; };
		EA0B642629FC82D4001DD8DB /* CharStoryboard.storyboard */ = {isa = PBXFileReference; lastKnownFileType = file.storyboard; path = CharStoryboard.storyboard; sourceTree = "<group>"; };
		EA0B642C29FD38C4001DD8DB /* User.swift */ = {isa = PBXFileReference; lastKnownFileType = sourcecode.swift; path = User.swift; sourceTree = "<group>"; };
		EA0B642E29FD38E6001DD8DB /* Message.swift */ = {isa = PBXFileReference; lastKnownFileType = sourcecode.swift; path = Message.swift; sourceTree = "<group>"; };
		EA0B643229FD3B45001DD8DB /* UserProfileView.swift */ = {isa = PBXFileReference; lastKnownFileType = sourcecode.swift; path = UserProfileView.swift; sourceTree = "<group>"; };
		EA0B643429FD41B6001DD8DB /* ImageGroup.swift */ = {isa = PBXFileReference; lastKnownFileType = sourcecode.swift; path = ImageGroup.swift; sourceTree = "<group>"; };
		EA0B643629FD4243001DD8DB /* SocialMediaGroup.swift */ = {isa = PBXFileReference; lastKnownFileType = sourcecode.swift; path = SocialMediaGroup.swift; sourceTree = "<group>"; };
		EA0B644229FD4F80001DD8DB /* LocationBody.swift */ = {isa = PBXFileReference; lastKnownFileType = sourcecode.swift; path = LocationBody.swift; sourceTree = "<group>"; };
		EA0B645329FD687A001DD8DB /* MapMainView.swift */ = {isa = PBXFileReference; lastKnownFileType = sourcecode.swift; path = MapMainView.swift; sourceTree = "<group>"; };
		EA0B645529FD6E53001DD8DB /* Event.swift */ = {isa = PBXFileReference; lastKnownFileType = sourcecode.swift; path = Event.swift; sourceTree = "<group>"; };
		EA0B645729FD7154001DD8DB /* LocationInfo.swift */ = {isa = PBXFileReference; lastKnownFileType = sourcecode.swift; path = LocationInfo.swift; sourceTree = "<group>"; };
		EA9A401F2A06D97A006E40DA /* EventPasswordInputViewModel.swift */ = {isa = PBXFileReference; lastKnownFileType = sourcecode.swift; path = EventPasswordInputViewModel.swift; sourceTree = "<group>"; };
		EA9A40212A06DA16006E40DA /* EventPasswordInputView.swift */ = {isa = PBXFileReference; lastKnownFileType = sourcecode.swift; path = EventPasswordInputView.swift; sourceTree = "<group>"; };
		EA9A40232A06DC25006E40DA /* BooleanResponse.swift */ = {isa = PBXFileReference; lastKnownFileType = sourcecode.swift; path = BooleanResponse.swift; sourceTree = "<group>"; };
		EA9AA6A62A0C69CC007BCB26 /* MessageDetailViewController.swift */ = {isa = PBXFileReference; lastKnownFileType = sourcecode.swift; path = MessageDetailViewController.swift; sourceTree = "<group>"; };
		EA9AA6A92A0C6A68007BCB26 /* MessageDetailViewModel.swift */ = {isa = PBXFileReference; lastKnownFileType = sourcecode.swift; path = MessageDetailViewModel.swift; sourceTree = "<group>"; };
		EA9AA6AC2A0C6C17007BCB26 /* MessageDetailView.swift */ = {isa = PBXFileReference; lastKnownFileType = sourcecode.swift; path = MessageDetailView.swift; sourceTree = "<group>"; };
		EA9AA6AE2A0D1896007BCB26 /* MessageDetailViewCell.swift */ = {isa = PBXFileReference; lastKnownFileType = sourcecode.swift; path = MessageDetailViewCell.swift; sourceTree = "<group>"; };
		EA9AA6B02A0D1CF0007BCB26 /* MessageParentViewModel.swift */ = {isa = PBXFileReference; lastKnownFileType = sourcecode.swift; path = MessageParentViewModel.swift; sourceTree = "<group>"; };
		EA9AA6B22A0D537F007BCB26 /* MessageDetailThreadViewCell.swift */ = {isa = PBXFileReference; lastKnownFileType = sourcecode.swift; path = MessageDetailThreadViewCell.swift; sourceTree = "<group>"; };
		EA9C4B3229FE8B9C00D46F15 /* RequestPostService.swift */ = {isa = PBXFileReference; lastKnownFileType = sourcecode.swift; path = RequestPostService.swift; sourceTree = "<group>"; };
		EA9C4B3529FEC0A000D46F15 /* MessageListResponse.swift */ = {isa = PBXFileReference; lastKnownFileType = sourcecode.swift; path = MessageListResponse.swift; sourceTree = "<group>"; };
		EA9C4B3729FEC6B600D46F15 /* EventsListResponse.swift */ = {isa = PBXFileReference; lastKnownFileType = sourcecode.swift; path = EventsListResponse.swift; sourceTree = "<group>"; };
		EA9C4B3A29FEC8C200D46F15 /* MessageListViewModel.swift */ = {isa = PBXFileReference; lastKnownFileType = sourcecode.swift; path = MessageListViewModel.swift; sourceTree = "<group>"; };
		EA9C4B3E29FEC92700D46F15 /* MessageListView.swift */ = {isa = PBXFileReference; lastKnownFileType = sourcecode.swift; path = MessageListView.swift; sourceTree = "<group>"; };
		EA9C4B4229FEC9B500D46F15 /* MessagesViewController.swift */ = {isa = PBXFileReference; lastKnownFileType = sourcecode.swift; path = MessagesViewController.swift; sourceTree = "<group>"; };
		EA9C4B4829FF0A5100D46F15 /* EventstructMainViewController.swift */ = {isa = PBXFileReference; lastKnownFileType = sourcecode.swift; path = EventstructMainViewController.swift; sourceTree = "<group>"; };
		EA9C4B4A29FF0FF800D46F15 /* Extensions.swift */ = {isa = PBXFileReference; lastKnownFileType = sourcecode.swift; path = Extensions.swift; sourceTree = "<group>"; };
		EAA1D0632A0B015100A3F192 /* MessagePinnedViewModel.swift */ = {isa = PBXFileReference; lastKnownFileType = sourcecode.swift; path = MessagePinnedViewModel.swift; sourceTree = "<group>"; };
		EAA1D0652A0B0C0C00A3F192 /* MessageCollectionPinnedViewCell.swift */ = {isa = PBXFileReference; lastKnownFileType = sourcecode.swift; path = MessageCollectionPinnedViewCell.swift; sourceTree = "<group>"; };
		EAA1D0672A0B0C2400A3F192 /* MessageCollectionParentViewCell.swift */ = {isa = PBXFileReference; lastKnownFileType = sourcecode.swift; path = MessageCollectionParentViewCell.swift; sourceTree = "<group>"; };
		EAA3B4412A0445E300D63F20 /* ProfilePhotoCollectionViewCell.swift */ = {isa = PBXFileReference; lastKnownFileType = sourcecode.swift; path = ProfilePhotoCollectionViewCell.swift; sourceTree = "<group>"; };
		EAA3B4492A04722200D63F20 /* ProfilePhotoCellViewModel.swift */ = {isa = PBXFileReference; lastKnownFileType = sourcecode.swift; path = ProfilePhotoCellViewModel.swift; sourceTree = "<group>"; };
		EAA812B12A05D4C900B7FB07 /* EventPasswordModal.swift */ = {isa = PBXFileReference; lastKnownFileType = sourcecode.swift; path = EventPasswordModal.swift; sourceTree = "<group>"; };
		EAA812B32A06955A00B7FB07 /* EventMemberCollectionCellView.swift */ = {isa = PBXFileReference; lastKnownFileType = sourcecode.swift; path = EventMemberCollectionCellView.swift; sourceTree = "<group>"; };
		EAA83BBF2A02C51C00C48813 /* UsersCollectionViewCell.swift */ = {isa = PBXFileReference; lastKnownFileType = sourcecode.swift; path = UsersCollectionViewCell.swift; sourceTree = "<group>"; };
		EAA83BC22A02C73800C48813 /* UserCollectionViewCellViewModel.swift */ = {isa = PBXFileReference; lastKnownFileType = sourcecode.swift; path = UserCollectionViewCellViewModel.swift; sourceTree = "<group>"; };
		EAA860192A178B750070A0EF /* ProfileSettingViewCellCollectionViewCell.swift */ = {isa = PBXFileReference; lastKnownFileType = sourcecode.swift; path = ProfileSettingViewCellCollectionViewCell.swift; sourceTree = "<group>"; };
		EAA873A029FF2D3100A5D24A /* MessageCollectionViewCell.swift */ = {isa = PBXFileReference; lastKnownFileType = sourcecode.swift; path = MessageCollectionViewCell.swift; sourceTree = "<group>"; };
		EAA873A229FF2DB800A5D24A /* MessageCellViewViewModel.swift */ = {isa = PBXFileReference; lastKnownFileType = sourcecode.swift; path = MessageCellViewViewModel.swift; sourceTree = "<group>"; };
		EAAC9EAB2A1264FD00C393B9 /* EventCreateViewController.swift */ = {isa = PBXFileReference; lastKnownFileType = sourcecode.swift; path = EventCreateViewController.swift; sourceTree = "<group>"; };
		EAAC9EAE2A126EDF00C393B9 /* EventCreateViewModel.swift */ = {isa = PBXFileReference; lastKnownFileType = sourcecode.swift; path = EventCreateViewModel.swift; sourceTree = "<group>"; };
		EAAC9EB12A126F1A00C393B9 /* EventCreateView.swift */ = {isa = PBXFileReference; lastKnownFileType = sourcecode.swift; path = EventCreateView.swift; sourceTree = "<group>"; };
		EAAC9EB32A12B3E900C393B9 /* EventCreateMapViewCellCiewModel.swift */ = {isa = PBXFileReference; lastKnownFileType = sourcecode.swift; path = EventCreateMapViewCellCiewModel.swift; sourceTree = "<group>"; };
		EAAC9EB52A12B72D00C393B9 /* EventCreateMapViewCell.swift */ = {isa = PBXFileReference; lastKnownFileType = sourcecode.swift; path = EventCreateMapViewCell.swift; sourceTree = "<group>"; };
		EAB08D352A013C950058240C /* TabBarViewController.swift */ = {isa = PBXFileReference; lastKnownFileType = sourcecode.swift; path = TabBarViewController.swift; sourceTree = "<group>"; };
		EAB08D382A013D040058240C /* ProfileViewController.swift */ = {isa = PBXFileReference; lastKnownFileType = sourcecode.swift; path = ProfileViewController.swift; sourceTree = "<group>"; };
		EAB08D3C2A013D960058240C /* LocationTrackingViewController.swift */ = {isa = PBXFileReference; lastKnownFileType = sourcecode.swift; path = LocationTrackingViewController.swift; sourceTree = "<group>"; };
		EAB192FE2A03DC1400A7F0C3 /* RequestGetService.swift */ = {isa = PBXFileReference; lastKnownFileType = sourcecode.swift; path = RequestGetService.swift; sourceTree = "<group>"; };
		EAB193002A041DB500A7F0C3 /* ApiCacheManager.swift */ = {isa = PBXFileReference; lastKnownFileType = sourcecode.swift; path = ApiCacheManager.swift; sourceTree = "<group>"; };
		EAB193032A04283F00A7F0C3 /* ProfileViewModel.swift */ = {isa = PBXFileReference; lastKnownFileType = sourcecode.swift; path = ProfileViewModel.swift; sourceTree = "<group>"; };
		EAB4BE762A06D3040029F9ED /* EventPasswordInputModalViewController.swift */ = {isa = PBXFileReference; lastKnownFileType = sourcecode.swift; path = EventPasswordInputModalViewController.swift; sourceTree = "<group>"; };
		EAB67EF92A01887C0043B58C /* InfoResponse.swift */ = {isa = PBXFileReference; lastKnownFileType = sourcecode.swift; path = InfoResponse.swift; sourceTree = "<group>"; };
		EAB7357D2A16C88C00D4A221 /* ProfileSettingViewController.swift */ = {isa = PBXFileReference; lastKnownFileType = sourcecode.swift; path = ProfileSettingViewController.swift; sourceTree = "<group>"; };
		EAB735802A16C91F00D4A221 /* ProfileSettingViewModel.swift */ = {isa = PBXFileReference; lastKnownFileType = sourcecode.swift; path = ProfileSettingViewModel.swift; sourceTree = "<group>"; };
		EAB735832A16CA3600D4A221 /* ProfileSettingView.swift */ = {isa = PBXFileReference; lastKnownFileType = sourcecode.swift; path = ProfileSettingView.swift; sourceTree = "<group>"; };
		EAB766A52A164FE300001D5F /* ProfileDetailSocialCellViewModel.swift */ = {isa = PBXFileReference; lastKnownFileType = sourcecode.swift; path = ProfileDetailSocialCellViewModel.swift; sourceTree = "<group>"; };
		EAB766A72A16508600001D5F /* ProfileDetailSocialCellView.swift */ = {isa = PBXFileReference; lastKnownFileType = sourcecode.swift; path = ProfileDetailSocialCellView.swift; sourceTree = "<group>"; };
		EAB766A92A16782E00001D5F /* SocialMediaTypes.swift */ = {isa = PBXFileReference; lastKnownFileType = sourcecode.swift; path = SocialMediaTypes.swift; sourceTree = "<group>"; };
		EAB7AEF529FDC5A3007C3BF5 /* AstellaService.swift */ = {isa = PBXFileReference; lastKnownFileType = sourcecode.swift; path = AstellaService.swift; sourceTree = "<group>"; };
		EAB7AEF929FDC68F007C3BF5 /* AstellaApiEndpoints.swift */ = {isa = PBXFileReference; lastKnownFileType = sourcecode.swift; path = AstellaApiEndpoints.swift; sourceTree = "<group>"; };
		EAB943512A02823B001602A2 /* ImageManager.swift */ = {isa = PBXFileReference; lastKnownFileType = sourcecode.swift; path = ImageManager.swift; sourceTree = "<group>"; };
		EABA16552A05158800B39140 /* ProfileDetailsCellViewModel.swift */ = {isa = PBXFileReference; lastKnownFileType = sourcecode.swift; path = ProfileDetailsCellViewModel.swift; sourceTree = "<group>"; };
		EABA16572A051BE100B39140 /* ProfileView.swift */ = {isa = PBXFileReference; lastKnownFileType = sourcecode.swift; path = ProfileView.swift; sourceTree = "<group>"; };
		EABA16592A05205700B39140 /* ProfileDetailCollectionCell.swift */ = {isa = PBXFileReference; lastKnownFileType = sourcecode.swift; path = ProfileDetailCollectionCell.swift; sourceTree = "<group>"; };
		EABA73162A08739200422D6B /* EventCellParentView.swift */ = {isa = PBXFileReference; lastKnownFileType = sourcecode.swift; path = EventCellParentView.swift; sourceTree = "<group>"; };
		EABE9D622A158014000B3FAE /* UserManager.swift */ = {isa = PBXFileReference; lastKnownFileType = sourcecode.swift; path = UserManager.swift; sourceTree = "<group>"; };
		EABE9D642A15A2F1000B3FAE /* ProfileSocialLinksCellView.swift */ = {isa = PBXFileReference; lastKnownFileType = sourcecode.swift; path = ProfileSocialLinksCellView.swift; sourceTree = "<group>"; };
		EAC1FE2A2A01AC3800FC307A /* UserListResponse.swift */ = {isa = PBXFileReference; lastKnownFileType = sourcecode.swift; path = UserListResponse.swift; sourceTree = "<group>"; };
		EAC1FE2C2A01AFF400FC307A /* FooterReusableLoaderView.swift */ = {isa = PBXFileReference; lastKnownFileType = sourcecode.swift; path = FooterReusableLoaderView.swift; sourceTree = "<group>"; };
		EAC461202A1707CC0068C1E7 /* ProfileSettingCellViewModel.swift */ = {isa = PBXFileReference; lastKnownFileType = sourcecode.swift; path = ProfileSettingCellViewModel.swift; sourceTree = "<group>"; };
		EAC461222A170A190068C1E7 /* SettingEnums.swift */ = {isa = PBXFileReference; lastKnownFileType = sourcecode.swift; path = SettingEnums.swift; sourceTree = "<group>"; };
		EAC7E3732A004300007E8656 /* EventListViewModel.swift */ = {isa = PBXFileReference; lastKnownFileType = sourcecode.swift; path = EventListViewModel.swift; sourceTree = "<group>"; };
		EAC7E3762A004378007E8656 /* EventListViewController.swift */ = {isa = PBXFileReference; lastKnownFileType = sourcecode.swift; path = EventListViewController.swift; sourceTree = "<group>"; };
		EAC7E3792A004408007E8656 /* EventListView.swift */ = {isa = PBXFileReference; lastKnownFileType = sourcecode.swift; path = EventListView.swift; sourceTree = "<group>"; };
		EAC7E37B2A004439007E8656 /* EventCellView.swift */ = {isa = PBXFileReference; lastKnownFileType = sourcecode.swift; path = EventCellView.swift; sourceTree = "<group>"; };
		EAC7E37D2A004773007E8656 /* CityBody.swift */ = {isa = PBXFileReference; lastKnownFileType = sourcecode.swift; path = CityBody.swift; sourceTree = "<group>"; };
		EAC7E37F2A00486D007E8656 /* CityListResponse.swift */ = {isa = PBXFileReference; lastKnownFileType = sourcecode.swift; path = CityListResponse.swift; sourceTree = "<group>"; };
		EAC7E3812A004B50007E8656 /* EventCellViewViewModel.swift */ = {isa = PBXFileReference; lastKnownFileType = sourcecode.swift; path = EventCellViewViewModel.swift; sourceTree = "<group>"; };
		EACC3D022A0D7BBF00F557FE /* ProfileBriefListViewController.swift */ = {isa = PBXFileReference; lastKnownFileType = sourcecode.swift; path = ProfileBriefListViewController.swift; sourceTree = "<group>"; };
		EACC3D052A0D7C6500F557FE /* ProfileBriefListViewModel.swift */ = {isa = PBXFileReference; lastKnownFileType = sourcecode.swift; path = ProfileBriefListViewModel.swift; sourceTree = "<group>"; };
		EACC3D082A0D7D2600F557FE /* ProfileBriefListView.swift */ = {isa = PBXFileReference; lastKnownFileType = sourcecode.swift; path = ProfileBriefListView.swift; sourceTree = "<group>"; };
/* End PBXFileReference section */

/* Begin PBXFrameworksBuildPhase section */
		EA0B63EA29FBF364001DD8DB /* Frameworks */ = {
			isa = PBXFrameworksBuildPhase;
			buildActionMask = 2147483647;
			files = (
			);
			runOnlyForDeploymentPostprocessing = 0;
		};
		EA0B63FA29FBF367001DD8DB /* Frameworks */ = {
			isa = PBXFrameworksBuildPhase;
			buildActionMask = 2147483647;
			files = (
			);
			runOnlyForDeploymentPostprocessing = 0;
		};
		EA0B640429FBF367001DD8DB /* Frameworks */ = {
			isa = PBXFrameworksBuildPhase;
			buildActionMask = 2147483647;
			files = (
			);
			runOnlyForDeploymentPostprocessing = 0;
		};
/* End PBXFrameworksBuildPhase section */

/* Begin PBXGroup section */
		EA0B63E429FBF364001DD8DB = {
			isa = PBXGroup;
			children = (
				EA0B642029FC3B3F001DD8DB /* Info.plist */,
				EA0B63EF29FBF364001DD8DB /* Astella */,
				EA0B640029FBF367001DD8DB /* AstellaTests */,
				EA0B640A29FBF367001DD8DB /* AstellaUITests */,
				EA0B63EE29FBF364001DD8DB /* Products */,
			);
			sourceTree = "<group>";
		};
		EA0B63EE29FBF364001DD8DB /* Products */ = {
			isa = PBXGroup;
			children = (
				EA0B63ED29FBF364001DD8DB /* Astella.app */,
				EA0B63FD29FBF367001DD8DB /* AstellaTests.xctest */,
				EA0B640729FBF367001DD8DB /* AstellaUITests.xctest */,
			);
			name = Products;
			sourceTree = "<group>";
		};
		EA0B63EF29FBF364001DD8DB /* Astella */ = {
			isa = PBXGroup;
			children = (
				EA0B642829FD3839001DD8DB /* app */,
				EA0B63F429FBF366001DD8DB /* Assets.xcassets */,
				EA0B63F629FBF366001DD8DB /* Preview Content */,
			);
			path = Astella;
			sourceTree = "<group>";
		};
		EA0B63F629FBF366001DD8DB /* Preview Content */ = {
			isa = PBXGroup;
			children = (
				EA0B63F729FBF366001DD8DB /* Preview Assets.xcassets */,
			);
			path = "Preview Content";
			sourceTree = "<group>";
		};
		EA0B640029FBF367001DD8DB /* AstellaTests */ = {
			isa = PBXGroup;
			children = (
				EA0B640129FBF367001DD8DB /* AstellaTests.swift */,
			);
			path = AstellaTests;
			sourceTree = "<group>";
		};
		EA0B640A29FBF367001DD8DB /* AstellaUITests */ = {
			isa = PBXGroup;
			children = (
				EA0B640B29FBF367001DD8DB /* AstellaUITests.swift */,
				EA0B640D29FBF367001DD8DB /* AstellaUITestsLaunchTests.swift */,
			);
			path = AstellaUITests;
			sourceTree = "<group>";
		};
		EA0B641A29FC2CCC001DD8DB /* api */ = {
			isa = PBXGroup;
			children = (
				EAB7AEF529FDC5A3007C3BF5 /* AstellaService.swift */,
				EAB7AEF929FDC68F007C3BF5 /* AstellaApiEndpoints.swift */,
				EA9C4B3229FE8B9C00D46F15 /* RequestPostService.swift */,
				EAB192FE2A03DC1400A7F0C3 /* RequestGetService.swift */,
				EAB766A92A16782E00001D5F /* SocialMediaTypes.swift */,
			);
			path = api;
			sourceTree = "<group>";
		};
		EA0B641D29FC3907001DD8DB /* util */ = {
			isa = PBXGroup;
			children = (
				EA0B642429FC41CF001DD8DB /* UserLocationManager.swift */,
				EA9C4B4A29FF0FF800D46F15 /* Extensions.swift */,
				EAB943512A02823B001602A2 /* ImageManager.swift */,
				EAB193002A041DB500A7F0C3 /* ApiCacheManager.swift */,
				EABE9D622A158014000B3FAE /* UserManager.swift */,
			);
			path = util;
			sourceTree = "<group>";
		};
		EA0B642129FC4169001DD8DB /* View */ = {
			isa = PBXGroup;
			children = (
				EACC3D072A0D7D0B00F557FE /* OtherView */,
				EAB08D312A00A2AC0058240C /* Location */,
				EAC7E3782A0043EB007E8656 /* Event */,
				EA0B644629FD6666001DD8DB /* Map */,
				EA0B644529FD665D001DD8DB /* Message */,
				EA0B643929FD445B001DD8DB /* Profile */,
				EA0B642629FC82D4001DD8DB /* CharStoryboard.storyboard */,
				EA0B643229FD3B45001DD8DB /* UserProfileView.swift */,
				EA0B643429FD41B6001DD8DB /* ImageGroup.swift */,
				EA0B643629FD4243001DD8DB /* SocialMediaGroup.swift */,
				EAC1FE2C2A01AFF400FC307A /* FooterReusableLoaderView.swift */,
				EA9A40212A06DA16006E40DA /* EventPasswordInputView.swift */,
			);
			path = View;
			sourceTree = "<group>";
		};
		EA0B642829FD3839001DD8DB /* app */ = {
			isa = PBXGroup;
			children = (
				EA0B643829FD444F001DD8DB /* core */,
				EA0B642A29FD3892001DD8DB /* models */,
				EA0B641D29FC3907001DD8DB /* util */,
				EA0B641A29FC2CCC001DD8DB /* api */,
				EA0B63F029FBF364001DD8DB /* AstellaApp.swift */,
				EA0B63F229FBF364001DD8DB /* ContentView.swift */,
			);
			path = app;
			sourceTree = "<group>";
		};
		EA0B642A29FD3892001DD8DB /* models */ = {
			isa = PBXGroup;
			children = (
				EA9C4B3429FEC07D00D46F15 /* apiResponse */,
				EA0B642C29FD38C4001DD8DB /* User.swift */,
				EA0B642E29FD38E6001DD8DB /* Message.swift */,
				EA0B644229FD4F80001DD8DB /* LocationBody.swift */,
				EA0B645529FD6E53001DD8DB /* Event.swift */,
				EA0B645729FD7154001DD8DB /* LocationInfo.swift */,
				EAC7E37D2A004773007E8656 /* CityBody.swift */,
				EAC461222A170A190068C1E7 /* SettingEnums.swift */,
			);
			path = models;
			sourceTree = "<group>";
		};
		EA0B643829FD444F001DD8DB /* core */ = {
			isa = PBXGroup;
			children = (
				EA9C4B4029FEC99400D46F15 /* Controller */,
				EA9C4B3929FEC8A700D46F15 /* ViewModel */,
				EA0B642129FC4169001DD8DB /* View */,
			);
			path = core;
			sourceTree = "<group>";
		};
		EA0B643929FD445B001DD8DB /* Profile */ = {
			isa = PBXGroup;
			children = (
				EAB735822A16CA2000D4A221 /* Settings */,
				EAA3B4412A0445E300D63F20 /* ProfilePhotoCollectionViewCell.swift */,
				EABA16572A051BE100B39140 /* ProfileView.swift */,
				EABA16592A05205700B39140 /* ProfileDetailCollectionCell.swift */,
				EABE9D642A15A2F1000B3FAE /* ProfileSocialLinksCellView.swift */,
				EAB766A72A16508600001D5F /* ProfileDetailSocialCellView.swift */,
			);
			path = Profile;
			sourceTree = "<group>";
		};
		EA0B644529FD665D001DD8DB /* Message */ = {
			isa = PBXGroup;
			children = (
				EA9AA6AB2A0C6BFD007BCB26 /* MessageDetailView */,
				EA9C4B3E29FEC92700D46F15 /* MessageListView.swift */,
				EAA873A029FF2D3100A5D24A /* MessageCollectionViewCell.swift */,
				EAA83BBF2A02C51C00C48813 /* UsersCollectionViewCell.swift */,
				EAA1D0652A0B0C0C00A3F192 /* MessageCollectionPinnedViewCell.swift */,
				EAA1D0672A0B0C2400A3F192 /* MessageCollectionParentViewCell.swift */,
			);
			path = Message;
			sourceTree = "<group>";
		};
		EA0B644629FD6666001DD8DB /* Map */ = {
			isa = PBXGroup;
			children = (
				EA0B645329FD687A001DD8DB /* MapMainView.swift */,
			);
			path = Map;
			sourceTree = "<group>";
		};
		EA9A401E2A06D907006E40DA /* OtherViewModel */ = {
			isa = PBXGroup;
			children = (
				EACC3D052A0D7C6500F557FE /* ProfileBriefListViewModel.swift */,
				EA9A401F2A06D97A006E40DA /* EventPasswordInputViewModel.swift */,
			);
			path = OtherViewModel;
			sourceTree = "<group>";
		};
		EA9AA6A82A0C6A41007BCB26 /* MessageDetail */ = {
			isa = PBXGroup;
			children = (
				EA9AA6A92A0C6A68007BCB26 /* MessageDetailViewModel.swift */,
				EA9AA6B02A0D1CF0007BCB26 /* MessageParentViewModel.swift */,
			);
			path = MessageDetail;
			sourceTree = "<group>";
		};
		EA9AA6AB2A0C6BFD007BCB26 /* MessageDetailView */ = {
			isa = PBXGroup;
			children = (
				EA9AA6AC2A0C6C17007BCB26 /* MessageDetailView.swift */,
				EA9AA6AE2A0D1896007BCB26 /* MessageDetailViewCell.swift */,
				EA9AA6B22A0D537F007BCB26 /* MessageDetailThreadViewCell.swift */,
			);
			path = MessageDetailView;
			sourceTree = "<group>";
		};
		EA9C4B3429FEC07D00D46F15 /* apiResponse */ = {
			isa = PBXGroup;
			children = (
				EA9C4B3529FEC0A000D46F15 /* MessageListResponse.swift */,
				EA9C4B3729FEC6B600D46F15 /* EventsListResponse.swift */,
				EAC7E37F2A00486D007E8656 /* CityListResponse.swift */,
				EAB67EF92A01887C0043B58C /* InfoResponse.swift */,
				EAC1FE2A2A01AC3800FC307A /* UserListResponse.swift */,
				EA9A40232A06DC25006E40DA /* BooleanResponse.swift */,
			);
			path = apiResponse;
			sourceTree = "<group>";
		};
		EA9C4B3929FEC8A700D46F15 /* ViewModel */ = {
			isa = PBXGroup;
			children = (
				EA9A401E2A06D907006E40DA /* OtherViewModel */,
				EAB193022A04282400A7F0C3 /* ProfileDetails */,
				EAA83BC12A02C5BC00C48813 /* Message */,
				EAC7E3722A0042D8007E8656 /* EventDetails */,
			);
			path = ViewModel;
			sourceTree = "<group>";
		};
		EA9C4B4029FEC99400D46F15 /* Controller */ = {
			isa = PBXGroup;
			children = (
				EAB7357C2A16B63700D4A221 /* UserSetting */,
				EAB08D3A2A013D4C0058240C /* Map */,
				EAB08D372A013CF20058240C /* Profile */,
				EAB08D342A013C7A0058240C /* TabBar */,
				EAC7E3752A004350007E8656 /* Event */,
				EAC7E36D2A003E80007E8656 /* Message */,
				EA9C4B4129FEC9A000D46F15 /* OtherViewController */,
			);
			path = Controller;
			sourceTree = "<group>";
		};
		EA9C4B4129FEC9A000D46F15 /* OtherViewController */ = {
			isa = PBXGroup;
			children = (
				EACC3D022A0D7BBF00F557FE /* ProfileBriefListViewController.swift */,
				EAB4BE762A06D3040029F9ED /* EventPasswordInputModalViewController.swift */,
			);
			path = OtherViewController;
			sourceTree = "<group>";
		};
		EAA83BC12A02C5BC00C48813 /* Message */ = {
			isa = PBXGroup;
			children = (
				EA9AA6A82A0C6A41007BCB26 /* MessageDetail */,
				EA9C4B3A29FEC8C200D46F15 /* MessageListViewModel.swift */,
				EAA873A229FF2DB800A5D24A /* MessageCellViewViewModel.swift */,
				EAA83BC22A02C73800C48813 /* UserCollectionViewCellViewModel.swift */,
				EAA1D0632A0B015100A3F192 /* MessagePinnedViewModel.swift */,
			);
			path = Message;
			sourceTree = "<group>";
		};
		EAAC9EAD2A126ECD00C393B9 /* EventCreateViewModel */ = {
			isa = PBXGroup;
			children = (
				EAAC9EAE2A126EDF00C393B9 /* EventCreateViewModel.swift */,
				EAAC9EB32A12B3E900C393B9 /* EventCreateMapViewCellCiewModel.swift */,
			);
			path = EventCreateViewModel;
			sourceTree = "<group>";
		};
		EAAC9EB02A126F0A00C393B9 /* EventCreateView */ = {
			isa = PBXGroup;
			children = (
				EAAC9EB12A126F1A00C393B9 /* EventCreateView.swift */,
				EAAC9EB52A12B72D00C393B9 /* EventCreateMapViewCell.swift */,
			);
			path = EventCreateView;
			sourceTree = "<group>";
		};
		EAB08D312A00A2AC0058240C /* Location */ = {
			isa = PBXGroup;
			children = (
			);
			path = Location;
			sourceTree = "<group>";
		};
		EAB08D342A013C7A0058240C /* TabBar */ = {
			isa = PBXGroup;
			children = (
				EAB08D352A013C950058240C /* TabBarViewController.swift */,
			);
			path = TabBar;
			sourceTree = "<group>";
		};
		EAB08D372A013CF20058240C /* Profile */ = {
			isa = PBXGroup;
			children = (
				EAB08D382A013D040058240C /* ProfileViewController.swift */,
				EAB7357D2A16C88C00D4A221 /* ProfileSettingViewController.swift */,
			);
			path = Profile;
			sourceTree = "<group>";
		};
		EAB08D3A2A013D4C0058240C /* Map */ = {
			isa = PBXGroup;
			children = (
				EAB08D3C2A013D960058240C /* LocationTrackingViewController.swift */,
			);
			path = Map;
			sourceTree = "<group>";
		};
		EAB193022A04282400A7F0C3 /* ProfileDetails */ = {
			isa = PBXGroup;
			children = (
				EAB7357F2A16C91000D4A221 /* ProfileSetting */,
				EAB193032A04283F00A7F0C3 /* ProfileViewModel.swift */,
				EAA3B4492A04722200D63F20 /* ProfilePhotoCellViewModel.swift */,
				EABA16552A05158800B39140 /* ProfileDetailsCellViewModel.swift */,
				EAB766A52A164FE300001D5F /* ProfileDetailSocialCellViewModel.swift */,
			);
			path = ProfileDetails;
			sourceTree = "<group>";
		};
		EAB7357C2A16B63700D4A221 /* UserSetting */ = {
			isa = PBXGroup;
			children = (
			);
			path = UserSetting;
			sourceTree = "<group>";
		};
		EAB7357F2A16C91000D4A221 /* ProfileSetting */ = {
			isa = PBXGroup;
			children = (
				EAB735802A16C91F00D4A221 /* ProfileSettingViewModel.swift */,
				EAC461202A1707CC0068C1E7 /* ProfileSettingCellViewModel.swift */,
			);
			path = ProfileSetting;
			sourceTree = "<group>";
		};
		EAB735822A16CA2000D4A221 /* Settings */ = {
			isa = PBXGroup;
			children = (
				EAB735832A16CA3600D4A221 /* ProfileSettingView.swift */,
				EAA860192A178B750070A0EF /* ProfileSettingViewCellCollectionViewCell.swift */,
			);
			path = Settings;
			sourceTree = "<group>";
		};
		EAC7E36D2A003E80007E8656 /* Message */ = {
			isa = PBXGroup;
			children = (
				EA9C4B4229FEC9B500D46F15 /* MessagesViewController.swift */,
				EA9C4B4829FF0A5100D46F15 /* EventstructMainViewController.swift */,
				EA9AA6A62A0C69CC007BCB26 /* MessageDetailViewController.swift */,
			);
			path = Message;
			sourceTree = "<group>";
		};
		EAC7E3722A0042D8007E8656 /* EventDetails */ = {
			isa = PBXGroup;
			children = (
				EAAC9EAD2A126ECD00C393B9 /* EventCreateViewModel */,
				EAC7E3732A004300007E8656 /* EventListViewModel.swift */,
				EAC7E3812A004B50007E8656 /* EventCellViewViewModel.swift */,
			);
			path = EventDetails;
			sourceTree = "<group>";
		};
		EAC7E3752A004350007E8656 /* Event */ = {
			isa = PBXGroup;
			children = (
				EAC7E3762A004378007E8656 /* EventListViewController.swift */,
				EAAC9EAB2A1264FD00C393B9 /* EventCreateViewController.swift */,
			);
			path = Event;
			sourceTree = "<group>";
		};
		EAC7E3782A0043EB007E8656 /* Event */ = {
			isa = PBXGroup;
			children = (
				EAAC9EB02A126F0A00C393B9 /* EventCreateView */,
				EAC7E3792A004408007E8656 /* EventListView.swift */,
				EAC7E37B2A004439007E8656 /* EventCellView.swift */,
				EAA812B12A05D4C900B7FB07 /* EventPasswordModal.swift */,
				EAA812B32A06955A00B7FB07 /* EventMemberCollectionCellView.swift */,
				EABA73162A08739200422D6B /* EventCellParentView.swift */,
			);
			path = Event;
			sourceTree = "<group>";
		};
		EACC3D072A0D7D0B00F557FE /* OtherView */ = {
			isa = PBXGroup;
			children = (
				EACC3D082A0D7D2600F557FE /* ProfileBriefListView.swift */,
			);
			path = OtherView;
			sourceTree = "<group>";
		};
/* End PBXGroup section */

/* Begin PBXNativeTarget section */
		EA0B63EC29FBF364001DD8DB /* Astella */ = {
			isa = PBXNativeTarget;
			buildConfigurationList = EA0B641129FBF367001DD8DB /* Build configuration list for PBXNativeTarget "Astella" */;
			buildPhases = (
				EA0B63E929FBF364001DD8DB /* Sources */,
				EA0B63EA29FBF364001DD8DB /* Frameworks */,
				EA0B63EB29FBF364001DD8DB /* Resources */,
			);
			buildRules = (
			);
			dependencies = (
			);
			name = Astella;
			packageProductDependencies = (
			);
			productName = Astella;
			productReference = EA0B63ED29FBF364001DD8DB /* Astella.app */;
			productType = "com.apple.product-type.application";
		};
		EA0B63FC29FBF367001DD8DB /* AstellaTests */ = {
			isa = PBXNativeTarget;
			buildConfigurationList = EA0B641429FBF367001DD8DB /* Build configuration list for PBXNativeTarget "AstellaTests" */;
			buildPhases = (
				EA0B63F929FBF367001DD8DB /* Sources */,
				EA0B63FA29FBF367001DD8DB /* Frameworks */,
				EA0B63FB29FBF367001DD8DB /* Resources */,
			);
			buildRules = (
			);
			dependencies = (
				EA0B63FF29FBF367001DD8DB /* PBXTargetDependency */,
			);
			name = AstellaTests;
			productName = AstellaTests;
			productReference = EA0B63FD29FBF367001DD8DB /* AstellaTests.xctest */;
			productType = "com.apple.product-type.bundle.unit-test";
		};
		EA0B640629FBF367001DD8DB /* AstellaUITests */ = {
			isa = PBXNativeTarget;
			buildConfigurationList = EA0B641729FBF367001DD8DB /* Build configuration list for PBXNativeTarget "AstellaUITests" */;
			buildPhases = (
				EA0B640329FBF367001DD8DB /* Sources */,
				EA0B640429FBF367001DD8DB /* Frameworks */,
				EA0B640529FBF367001DD8DB /* Resources */,
			);
			buildRules = (
			);
			dependencies = (
				EA0B640929FBF367001DD8DB /* PBXTargetDependency */,
			);
			name = AstellaUITests;
			productName = AstellaUITests;
			productReference = EA0B640729FBF367001DD8DB /* AstellaUITests.xctest */;
			productType = "com.apple.product-type.bundle.ui-testing";
		};
/* End PBXNativeTarget section */

/* Begin PBXProject section */
		EA0B63E529FBF364001DD8DB /* Project object */ = {
			isa = PBXProject;
			attributes = {
				BuildIndependentTargetsInParallel = 1;
				LastSwiftUpdateCheck = 1430;
				LastUpgradeCheck = 1430;
				TargetAttributes = {
					EA0B63EC29FBF364001DD8DB = {
						CreatedOnToolsVersion = 14.3;
					};
					EA0B63FC29FBF367001DD8DB = {
						CreatedOnToolsVersion = 14.3;
						TestTargetID = EA0B63EC29FBF364001DD8DB;
					};
					EA0B640629FBF367001DD8DB = {
						CreatedOnToolsVersion = 14.3;
						TestTargetID = EA0B63EC29FBF364001DD8DB;
					};
				};
			};
			buildConfigurationList = EA0B63E829FBF364001DD8DB /* Build configuration list for PBXProject "Astella" */;
			compatibilityVersion = "Xcode 14.0";
			developmentRegion = en;
			hasScannedForEncodings = 0;
			knownRegions = (
				en,
				Base,
			);
			mainGroup = EA0B63E429FBF364001DD8DB;
			packageReferences = (
			);
			productRefGroup = EA0B63EE29FBF364001DD8DB /* Products */;
			projectDirPath = "";
			projectRoot = "";
			targets = (
				EA0B63EC29FBF364001DD8DB /* Astella */,
				EA0B63FC29FBF367001DD8DB /* AstellaTests */,
				EA0B640629FBF367001DD8DB /* AstellaUITests */,
			);
		};
/* End PBXProject section */

/* Begin PBXResourcesBuildPhase section */
		EA0B63EB29FBF364001DD8DB /* Resources */ = {
			isa = PBXResourcesBuildPhase;
			buildActionMask = 2147483647;
			files = (
				EA0B63F829FBF366001DD8DB /* Preview Assets.xcassets in Resources */,
				EA0B63F529FBF366001DD8DB /* Assets.xcassets in Resources */,
				EA0B642729FC82D4001DD8DB /* CharStoryboard.storyboard in Resources */,
			);
			runOnlyForDeploymentPostprocessing = 0;
		};
		EA0B63FB29FBF367001DD8DB /* Resources */ = {
			isa = PBXResourcesBuildPhase;
			buildActionMask = 2147483647;
			files = (
			);
			runOnlyForDeploymentPostprocessing = 0;
		};
		EA0B640529FBF367001DD8DB /* Resources */ = {
			isa = PBXResourcesBuildPhase;
			buildActionMask = 2147483647;
			files = (
			);
			runOnlyForDeploymentPostprocessing = 0;
		};
/* End PBXResourcesBuildPhase section */

/* Begin PBXSourcesBuildPhase section */
		EA0B63E929FBF364001DD8DB /* Sources */ = {
			isa = PBXSourcesBuildPhase;
			buildActionMask = 2147483647;
			files = (
				EA9AA6B12A0D1CF0007BCB26 /* MessageParentViewModel.swift in Sources */,
				EA0B642529FC41CF001DD8DB /* UserLocationManager.swift in Sources */,
				EAA812B22A05D4C900B7FB07 /* EventPasswordModal.swift in Sources */,
				EA9C4B3329FE8B9C00D46F15 /* RequestPostService.swift in Sources */,
				EAC7E3822A004B50007E8656 /* EventCellViewViewModel.swift in Sources */,
				EAC1FE2D2A01AFF400FC307A /* FooterReusableLoaderView.swift in Sources */,
				EABA16582A051BE100B39140 /* ProfileView.swift in Sources */,
				EA0B643529FD41B6001DD8DB /* ImageGroup.swift in Sources */,
				EA0B644329FD4F80001DD8DB /* LocationBody.swift in Sources */,
				EABA16562A05158800B39140 /* ProfileDetailsCellViewModel.swift in Sources */,
				EA0B643329FD3B45001DD8DB /* UserProfileView.swift in Sources */,
				EAB08D392A013D040058240C /* ProfileViewController.swift in Sources */,
				EAA1D0662A0B0C0C00A3F192 /* MessageCollectionPinnedViewCell.swift in Sources */,
				EA0B63F329FBF364001DD8DB /* ContentView.swift in Sources */,
				EAAC9EB62A12B72D00C393B9 /* EventCreateMapViewCell.swift in Sources */,
				EAB193042A04283F00A7F0C3 /* ProfileViewModel.swift in Sources */,
				EAB67EFA2A01887C0043B58C /* InfoResponse.swift in Sources */,
				EAA1D0642A0B015100A3F192 /* MessagePinnedViewModel.swift in Sources */,
				EA9AA6AD2A0C6C17007BCB26 /* MessageDetailView.swift in Sources */,
				EAA1D0682A0B0C2400A3F192 /* MessageCollectionParentViewCell.swift in Sources */,
				EACC3D092A0D7D2600F557FE /* ProfileBriefListView.swift in Sources */,
				EAB193012A041DB500A7F0C3 /* ApiCacheManager.swift in Sources */,
				EAB7AEF629FDC5A3007C3BF5 /* AstellaService.swift in Sources */,
				EAC461212A1707CC0068C1E7 /* ProfileSettingCellViewModel.swift in Sources */,
				EA9AA6B32A0D537F007BCB26 /* MessageDetailThreadViewCell.swift in Sources */,
				EAAC9EB22A126F1A00C393B9 /* EventCreateView.swift in Sources */,
				EAB943522A02823B001602A2 /* ImageManager.swift in Sources */,
				EABA73172A08739200422D6B /* EventCellParentView.swift in Sources */,
				EABA165A2A05205700B39140 /* ProfileDetailCollectionCell.swift in Sources */,
				EA9C4B3B29FEC8C200D46F15 /* MessageListViewModel.swift in Sources */,
				EAB735842A16CA3600D4A221 /* ProfileSettingView.swift in Sources */,
				EAC461232A170A190068C1E7 /* SettingEnums.swift in Sources */,
				EA0B642D29FD38C4001DD8DB /* User.swift in Sources */,
				EAB766A62A164FE300001D5F /* ProfileDetailSocialCellViewModel.swift in Sources */,
				EAB4BE772A06D3040029F9ED /* EventPasswordInputModalViewController.swift in Sources */,
				EA9A40242A06DC25006E40DA /* BooleanResponse.swift in Sources */,
				EAC7E37C2A004439007E8656 /* EventCellView.swift in Sources */,
				EA0B645829FD7154001DD8DB /* LocationInfo.swift in Sources */,
				EA0B645629FD6E53001DD8DB /* Event.swift in Sources */,
				EA0B643729FD4243001DD8DB /* SocialMediaGroup.swift in Sources */,
				EACC3D032A0D7BBF00F557FE /* ProfileBriefListViewController.swift in Sources */,
				EA9C4B4929FF0A5100D46F15 /* EventstructMainViewController.swift in Sources */,
				EACC3D062A0D7C6500F557FE /* ProfileBriefListViewModel.swift in Sources */,
				EAB192FF2A03DC1400A7F0C3 /* RequestGetService.swift in Sources */,
				EAC7E37A2A004408007E8656 /* EventListView.swift in Sources */,
				EAB08D362A013C950058240C /* TabBarViewController.swift in Sources */,
				EA0B645429FD687A001DD8DB /* MapMainView.swift in Sources */,
				EA9C4B3629FEC0A000D46F15 /* MessageListResponse.swift in Sources */,
				EAA3B4422A0445E300D63F20 /* ProfilePhotoCollectionViewCell.swift in Sources */,
				EAB735812A16C91F00D4A221 /* ProfileSettingViewModel.swift in Sources */,
				EAAC9EAF2A126EDF00C393B9 /* EventCreateViewModel.swift in Sources */,
				EABE9D652A15A2F1000B3FAE /* ProfileSocialLinksCellView.swift in Sources */,
				EA0B63F129FBF364001DD8DB /* AstellaApp.swift in Sources */,
				EAB766AA2A16782E00001D5F /* SocialMediaTypes.swift in Sources */,
				EAA873A129FF2D3100A5D24A /* MessageCollectionViewCell.swift in Sources */,
				EABE9D632A158014000B3FAE /* UserManager.swift in Sources */,
				EAB08D3D2A013D960058240C /* LocationTrackingViewController.swift in Sources */,
				EA9C4B3F29FEC92700D46F15 /* MessageListView.swift in Sources */,
				EAA3B44A2A04722200D63F20 /* ProfilePhotoCellViewModel.swift in Sources */,
				EA9C4B4B29FF0FF800D46F15 /* Extensions.swift in Sources */,
				EA9A40222A06DA16006E40DA /* EventPasswordInputView.swift in Sources */,
				EA9C4B3829FEC6B600D46F15 /* EventsListResponse.swift in Sources */,
				EA0B642F29FD38E6001DD8DB /* Message.swift in Sources */,
				EAA812B42A06955A00B7FB07 /* EventMemberCollectionCellView.swift in Sources */,
				EAA83BC32A02C73800C48813 /* UserCollectionViewCellViewModel.swift in Sources */,
				EAAC9EB42A12B3E900C393B9 /* EventCreateMapViewCellCiewModel.swift in Sources */,
				EA9AA6A72A0C69CC007BCB26 /* MessageDetailViewController.swift in Sources */,
				EAAC9EAC2A1264FD00C393B9 /* EventCreateViewController.swift in Sources */,
				EAC7E3772A004378007E8656 /* EventListViewController.swift in Sources */,
				EAA8601A2A178B750070A0EF /* ProfileSettingViewCellCollectionViewCell.swift in Sources */,
				EAB7AEFA29FDC68F007C3BF5 /* AstellaApiEndpoints.swift in Sources */,
				EAA83BC02A02C51C00C48813 /* UsersCollectionViewCell.swift in Sources */,
				EAC1FE2B2A01AC3800FC307A /* UserListResponse.swift in Sources */,
				EAC7E3802A00486D007E8656 /* CityListResponse.swift in Sources */,
				EA9C4B4329FEC9B500D46F15 /* MessagesViewController.swift in Sources */,
				EAC7E37E2A004773007E8656 /* CityBody.swift in Sources */,
				EAB7357E2A16C88C00D4A221 /* ProfileSettingViewController.swift in Sources */,
				EAB766A82A16508600001D5F /* ProfileDetailSocialCellView.swift in Sources */,
				EA9A40202A06D97A006E40DA /* EventPasswordInputViewModel.swift in Sources */,
				EAA873A329FF2DB800A5D24A /* MessageCellViewViewModel.swift in Sources */,
				EA9AA6AF2A0D1896007BCB26 /* MessageDetailViewCell.swift in Sources */,
				EAC7E3742A004300007E8656 /* EventListViewModel.swift in Sources */,
				EA9AA6AA2A0C6A68007BCB26 /* MessageDetailViewModel.swift in Sources */,
			);
			runOnlyForDeploymentPostprocessing = 0;
		};
		EA0B63F929FBF367001DD8DB /* Sources */ = {
			isa = PBXSourcesBuildPhase;
			buildActionMask = 2147483647;
			files = (
				EA0B640229FBF367001DD8DB /* AstellaTests.swift in Sources */,
			);
			runOnlyForDeploymentPostprocessing = 0;
		};
		EA0B640329FBF367001DD8DB /* Sources */ = {
			isa = PBXSourcesBuildPhase;
			buildActionMask = 2147483647;
			files = (
				EA0B640C29FBF367001DD8DB /* AstellaUITests.swift in Sources */,
				EA0B640E29FBF367001DD8DB /* AstellaUITestsLaunchTests.swift in Sources */,
			);
			runOnlyForDeploymentPostprocessing = 0;
		};
/* End PBXSourcesBuildPhase section */

/* Begin PBXTargetDependency section */
		EA0B63FF29FBF367001DD8DB /* PBXTargetDependency */ = {
			isa = PBXTargetDependency;
			target = EA0B63EC29FBF364001DD8DB /* Astella */;
			targetProxy = EA0B63FE29FBF367001DD8DB /* PBXContainerItemProxy */;
		};
		EA0B640929FBF367001DD8DB /* PBXTargetDependency */ = {
			isa = PBXTargetDependency;
			target = EA0B63EC29FBF364001DD8DB /* Astella */;
			targetProxy = EA0B640829FBF367001DD8DB /* PBXContainerItemProxy */;
		};
/* End PBXTargetDependency section */

/* Begin XCBuildConfiguration section */
		EA0B640F29FBF367001DD8DB /* Debug */ = {
			isa = XCBuildConfiguration;
			buildSettings = {
				ALWAYS_SEARCH_USER_PATHS = NO;
				CLANG_ANALYZER_NONNULL = YES;
				CLANG_ANALYZER_NUMBER_OBJECT_CONVERSION = YES_AGGRESSIVE;
				CLANG_CXX_LANGUAGE_STANDARD = "gnu++20";
				CLANG_ENABLE_MODULES = YES;
				CLANG_ENABLE_OBJC_ARC = YES;
				CLANG_ENABLE_OBJC_WEAK = YES;
				CLANG_WARN_BLOCK_CAPTURE_AUTORELEASING = YES;
				CLANG_WARN_BOOL_CONVERSION = YES;
				CLANG_WARN_COMMA = YES;
				CLANG_WARN_CONSTANT_CONVERSION = YES;
				CLANG_WARN_DEPRECATED_OBJC_IMPLEMENTATIONS = YES;
				CLANG_WARN_DIRECT_OBJC_ISA_USAGE = YES_ERROR;
				CLANG_WARN_DOCUMENTATION_COMMENTS = YES;
				CLANG_WARN_EMPTY_BODY = YES;
				CLANG_WARN_ENUM_CONVERSION = YES;
				CLANG_WARN_INFINITE_RECURSION = YES;
				CLANG_WARN_INT_CONVERSION = YES;
				CLANG_WARN_NON_LITERAL_NULL_CONVERSION = YES;
				CLANG_WARN_OBJC_IMPLICIT_RETAIN_SELF = YES;
				CLANG_WARN_OBJC_LITERAL_CONVERSION = YES;
				CLANG_WARN_OBJC_ROOT_CLASS = YES_ERROR;
				CLANG_WARN_QUOTED_INCLUDE_IN_FRAMEWORK_HEADER = YES;
				CLANG_WARN_RANGE_LOOP_ANALYSIS = YES;
				CLANG_WARN_STRICT_PROTOTYPES = YES;
				CLANG_WARN_SUSPICIOUS_MOVE = YES;
				CLANG_WARN_UNGUARDED_AVAILABILITY = YES_AGGRESSIVE;
				CLANG_WARN_UNREACHABLE_CODE = YES;
				CLANG_WARN__DUPLICATE_METHOD_MATCH = YES;
				COPY_PHASE_STRIP = NO;
				DEBUG_INFORMATION_FORMAT = dwarf;
				ENABLE_STRICT_OBJC_MSGSEND = YES;
				ENABLE_TESTABILITY = YES;
				GCC_C_LANGUAGE_STANDARD = gnu11;
				GCC_DYNAMIC_NO_PIC = NO;
				GCC_NO_COMMON_BLOCKS = YES;
				GCC_OPTIMIZATION_LEVEL = 0;
				GCC_PREPROCESSOR_DEFINITIONS = (
					"DEBUG=1",
					"$(inherited)",
				);
				GCC_WARN_64_TO_32_BIT_CONVERSION = YES;
				GCC_WARN_ABOUT_RETURN_TYPE = YES_ERROR;
				GCC_WARN_UNDECLARED_SELECTOR = YES;
				GCC_WARN_UNINITIALIZED_AUTOS = YES_AGGRESSIVE;
				GCC_WARN_UNUSED_FUNCTION = YES;
				GCC_WARN_UNUSED_VARIABLE = YES;
				IPHONEOS_DEPLOYMENT_TARGET = 16.4;
				MTL_ENABLE_DEBUG_INFO = INCLUDE_SOURCE;
				MTL_FAST_MATH = YES;
				ONLY_ACTIVE_ARCH = YES;
				SDKROOT = iphoneos;
				SWIFT_ACTIVE_COMPILATION_CONDITIONS = DEBUG;
				SWIFT_OPTIMIZATION_LEVEL = "-Onone";
			};
			name = Debug;
		};
		EA0B641029FBF367001DD8DB /* Release */ = {
			isa = XCBuildConfiguration;
			buildSettings = {
				ALWAYS_SEARCH_USER_PATHS = NO;
				CLANG_ANALYZER_NONNULL = YES;
				CLANG_ANALYZER_NUMBER_OBJECT_CONVERSION = YES_AGGRESSIVE;
				CLANG_CXX_LANGUAGE_STANDARD = "gnu++20";
				CLANG_ENABLE_MODULES = YES;
				CLANG_ENABLE_OBJC_ARC = YES;
				CLANG_ENABLE_OBJC_WEAK = YES;
				CLANG_WARN_BLOCK_CAPTURE_AUTORELEASING = YES;
				CLANG_WARN_BOOL_CONVERSION = YES;
				CLANG_WARN_COMMA = YES;
				CLANG_WARN_CONSTANT_CONVERSION = YES;
				CLANG_WARN_DEPRECATED_OBJC_IMPLEMENTATIONS = YES;
				CLANG_WARN_DIRECT_OBJC_ISA_USAGE = YES_ERROR;
				CLANG_WARN_DOCUMENTATION_COMMENTS = YES;
				CLANG_WARN_EMPTY_BODY = YES;
				CLANG_WARN_ENUM_CONVERSION = YES;
				CLANG_WARN_INFINITE_RECURSION = YES;
				CLANG_WARN_INT_CONVERSION = YES;
				CLANG_WARN_NON_LITERAL_NULL_CONVERSION = YES;
				CLANG_WARN_OBJC_IMPLICIT_RETAIN_SELF = YES;
				CLANG_WARN_OBJC_LITERAL_CONVERSION = YES;
				CLANG_WARN_OBJC_ROOT_CLASS = YES_ERROR;
				CLANG_WARN_QUOTED_INCLUDE_IN_FRAMEWORK_HEADER = YES;
				CLANG_WARN_RANGE_LOOP_ANALYSIS = YES;
				CLANG_WARN_STRICT_PROTOTYPES = YES;
				CLANG_WARN_SUSPICIOUS_MOVE = YES;
				CLANG_WARN_UNGUARDED_AVAILABILITY = YES_AGGRESSIVE;
				CLANG_WARN_UNREACHABLE_CODE = YES;
				CLANG_WARN__DUPLICATE_METHOD_MATCH = YES;
				COPY_PHASE_STRIP = NO;
				DEBUG_INFORMATION_FORMAT = "dwarf-with-dsym";
				ENABLE_NS_ASSERTIONS = NO;
				ENABLE_STRICT_OBJC_MSGSEND = YES;
				GCC_C_LANGUAGE_STANDARD = gnu11;
				GCC_NO_COMMON_BLOCKS = YES;
				GCC_WARN_64_TO_32_BIT_CONVERSION = YES;
				GCC_WARN_ABOUT_RETURN_TYPE = YES_ERROR;
				GCC_WARN_UNDECLARED_SELECTOR = YES;
				GCC_WARN_UNINITIALIZED_AUTOS = YES_AGGRESSIVE;
				GCC_WARN_UNUSED_FUNCTION = YES;
				GCC_WARN_UNUSED_VARIABLE = YES;
				IPHONEOS_DEPLOYMENT_TARGET = 16.4;
				MTL_ENABLE_DEBUG_INFO = NO;
				MTL_FAST_MATH = YES;
				SDKROOT = iphoneos;
				SWIFT_COMPILATION_MODE = wholemodule;
				SWIFT_OPTIMIZATION_LEVEL = "-O";
				VALIDATE_PRODUCT = YES;
			};
			name = Release;
		};
		EA0B641229FBF367001DD8DB /* Debug */ = {
			isa = XCBuildConfiguration;
			buildSettings = {
				ASSETCATALOG_COMPILER_APPICON_NAME = AppIcon;
				ASSETCATALOG_COMPILER_GLOBAL_ACCENT_COLOR_NAME = AccentColor;
				CODE_SIGN_STYLE = Automatic;
				CURRENT_PROJECT_VERSION = 1;
				DEVELOPMENT_ASSET_PATHS = "\"Astella/Preview Content\"";
				DEVELOPMENT_TEAM = 3UHU7X2B3T;
				ENABLE_PREVIEWS = YES;
				GENERATE_INFOPLIST_FILE = YES;
				INFOPLIST_FILE = Astella/Info.plist;
				INFOPLIST_KEY_NSLocationAlwaysAndWhenInUseUsageDescription = "Need to access user location to access local events and users.";
				INFOPLIST_KEY_NSLocationWhenInUseUsageDescription = "Need to access user location to access local events and users.";
				INFOPLIST_KEY_NSPhotoLibraryUsageDescription = "Allow access to photos to upload images to profile.";
				INFOPLIST_KEY_UIApplicationSceneManifest_Generation = YES;
				INFOPLIST_KEY_UIApplicationSupportsIndirectInputEvents = YES;
				INFOPLIST_KEY_UILaunchScreen_Generation = YES;
				INFOPLIST_KEY_UISupportedInterfaceOrientations = UIInterfaceOrientationPortrait;
				INFOPLIST_KEY_UISupportedInterfaceOrientations_iPad = "UIInterfaceOrientationPortrait UIInterfaceOrientationPortraitUpsideDown";
				LD_RUNPATH_SEARCH_PATHS = (
					"$(inherited)",
					"@executable_path/Frameworks",
				);
				MARKETING_VERSION = 1.0;
				PRODUCT_BUNDLE_IDENTIFIER = Project.Astella;
				PRODUCT_NAME = "$(TARGET_NAME)";
				SWIFT_EMIT_LOC_STRINGS = YES;
				SWIFT_VERSION = 5.0;
				TARGETED_DEVICE_FAMILY = "1,2";
			};
			name = Debug;
		};
		EA0B641329FBF367001DD8DB /* Release */ = {
			isa = XCBuildConfiguration;
			buildSettings = {
				ASSETCATALOG_COMPILER_APPICON_NAME = AppIcon;
				ASSETCATALOG_COMPILER_GLOBAL_ACCENT_COLOR_NAME = AccentColor;
				CODE_SIGN_STYLE = Automatic;
				CURRENT_PROJECT_VERSION = 1;
				DEVELOPMENT_ASSET_PATHS = "\"Astella/Preview Content\"";
				DEVELOPMENT_TEAM = 3UHU7X2B3T;
				ENABLE_PREVIEWS = YES;
				GENERATE_INFOPLIST_FILE = YES;
				INFOPLIST_FILE = Astella/Info.plist;
				INFOPLIST_KEY_NSLocationAlwaysAndWhenInUseUsageDescription = "Need to access user location to access local events and users.";
				INFOPLIST_KEY_NSLocationWhenInUseUsageDescription = "Need to access user location to access local events and users.";
				INFOPLIST_KEY_NSPhotoLibraryUsageDescription = "Allow access to photos to upload images to profile.";
				INFOPLIST_KEY_UIApplicationSceneManifest_Generation = YES;
				INFOPLIST_KEY_UIApplicationSupportsIndirectInputEvents = YES;
				INFOPLIST_KEY_UILaunchScreen_Generation = YES;
				INFOPLIST_KEY_UISupportedInterfaceOrientations = UIInterfaceOrientationPortrait;
				INFOPLIST_KEY_UISupportedInterfaceOrientations_iPad = "UIInterfaceOrientationPortrait UIInterfaceOrientationPortraitUpsideDown";
				LD_RUNPATH_SEARCH_PATHS = (
					"$(inherited)",
					"@executable_path/Frameworks",
				);
				MARKETING_VERSION = 1.0;
				PRODUCT_BUNDLE_IDENTIFIER = Project.Astella;
				PRODUCT_NAME = "$(TARGET_NAME)";
				SWIFT_EMIT_LOC_STRINGS = YES;
				SWIFT_VERSION = 5.0;
				TARGETED_DEVICE_FAMILY = "1,2";
			};
			name = Release;
		};
		EA0B641529FBF367001DD8DB /* Debug */ = {
			isa = XCBuildConfiguration;
			buildSettings = {
				ALWAYS_EMBED_SWIFT_STANDARD_LIBRARIES = YES;
				BUNDLE_LOADER = "$(TEST_HOST)";
				CODE_SIGN_STYLE = Automatic;
				CURRENT_PROJECT_VERSION = 1;
				GENERATE_INFOPLIST_FILE = YES;
				IPHONEOS_DEPLOYMENT_TARGET = 16.4;
				MARKETING_VERSION = 1.0;
				PRODUCT_BUNDLE_IDENTIFIER = Project.AstellaTests;
				PRODUCT_NAME = "$(TARGET_NAME)";
				SWIFT_EMIT_LOC_STRINGS = NO;
				SWIFT_VERSION = 5.0;
				TARGETED_DEVICE_FAMILY = "1,2";
				TEST_HOST = "$(BUILT_PRODUCTS_DIR)/Astella.app/$(BUNDLE_EXECUTABLE_FOLDER_PATH)/Astella";
			};
			name = Debug;
		};
		EA0B641629FBF367001DD8DB /* Release */ = {
			isa = XCBuildConfiguration;
			buildSettings = {
				ALWAYS_EMBED_SWIFT_STANDARD_LIBRARIES = YES;
				BUNDLE_LOADER = "$(TEST_HOST)";
				CODE_SIGN_STYLE = Automatic;
				CURRENT_PROJECT_VERSION = 1;
				GENERATE_INFOPLIST_FILE = YES;
				IPHONEOS_DEPLOYMENT_TARGET = 16.4;
				MARKETING_VERSION = 1.0;
				PRODUCT_BUNDLE_IDENTIFIER = Project.AstellaTests;
				PRODUCT_NAME = "$(TARGET_NAME)";
				SWIFT_EMIT_LOC_STRINGS = NO;
				SWIFT_VERSION = 5.0;
				TARGETED_DEVICE_FAMILY = "1,2";
				TEST_HOST = "$(BUILT_PRODUCTS_DIR)/Astella.app/$(BUNDLE_EXECUTABLE_FOLDER_PATH)/Astella";
			};
			name = Release;
		};
		EA0B641829FBF367001DD8DB /* Debug */ = {
			isa = XCBuildConfiguration;
			buildSettings = {
				ALWAYS_EMBED_SWIFT_STANDARD_LIBRARIES = YES;
				CODE_SIGN_STYLE = Automatic;
				CURRENT_PROJECT_VERSION = 1;
				GENERATE_INFOPLIST_FILE = YES;
				MARKETING_VERSION = 1.0;
				PRODUCT_BUNDLE_IDENTIFIER = Project.AstellaUITests;
				PRODUCT_NAME = "$(TARGET_NAME)";
				SWIFT_EMIT_LOC_STRINGS = NO;
				SWIFT_VERSION = 5.0;
				TARGETED_DEVICE_FAMILY = "1,2";
				TEST_TARGET_NAME = Astella;
			};
			name = Debug;
		};
		EA0B641929FBF367001DD8DB /* Release */ = {
			isa = XCBuildConfiguration;
			buildSettings = {
				ALWAYS_EMBED_SWIFT_STANDARD_LIBRARIES = YES;
				CODE_SIGN_STYLE = Automatic;
				CURRENT_PROJECT_VERSION = 1;
				GENERATE_INFOPLIST_FILE = YES;
				MARKETING_VERSION = 1.0;
				PRODUCT_BUNDLE_IDENTIFIER = Project.AstellaUITests;
				PRODUCT_NAME = "$(TARGET_NAME)";
				SWIFT_EMIT_LOC_STRINGS = NO;
				SWIFT_VERSION = 5.0;
				TARGETED_DEVICE_FAMILY = "1,2";
				TEST_TARGET_NAME = Astella;
			};
			name = Release;
		};
/* End XCBuildConfiguration section */

/* Begin XCConfigurationList section */
		EA0B63E829FBF364001DD8DB /* Build configuration list for PBXProject "Astella" */ = {
			isa = XCConfigurationList;
			buildConfigurations = (
				EA0B640F29FBF367001DD8DB /* Debug */,
				EA0B641029FBF367001DD8DB /* Release */,
			);
			defaultConfigurationIsVisible = 0;
			defaultConfigurationName = Release;
		};
		EA0B641129FBF367001DD8DB /* Build configuration list for PBXNativeTarget "Astella" */ = {
			isa = XCConfigurationList;
			buildConfigurations = (
				EA0B641229FBF367001DD8DB /* Debug */,
				EA0B641329FBF367001DD8DB /* Release */,
			);
			defaultConfigurationIsVisible = 0;
			defaultConfigurationName = Release;
		};
		EA0B641429FBF367001DD8DB /* Build configuration list for PBXNativeTarget "AstellaTests" */ = {
			isa = XCConfigurationList;
			buildConfigurations = (
				EA0B641529FBF367001DD8DB /* Debug */,
				EA0B641629FBF367001DD8DB /* Release */,
			);
			defaultConfigurationIsVisible = 0;
			defaultConfigurationName = Release;
		};
		EA0B641729FBF367001DD8DB /* Build configuration list for PBXNativeTarget "AstellaUITests" */ = {
			isa = XCConfigurationList;
			buildConfigurations = (
				EA0B641829FBF367001DD8DB /* Debug */,
				EA0B641929FBF367001DD8DB /* Release */,
			);
			defaultConfigurationIsVisible = 0;
			defaultConfigurationName = Release;
		};
/* End XCConfigurationList section */
	};
	rootObject = EA0B63E529FBF364001DD8DB /* Project object */;
}
